
Microsoft Visual Studio Solution File, Format Version 12.00
# Visual Studio Version 16
VisualStudioVersion = 16.0.31112.23
MinimumVisualStudioVersion = 10.0.40219.1
Project("{9A19103F-16F7-4668-BE54-9A1E7A4F7556}") = "ArrayStructure", "ArrayStructure\ArrayStructure.csproj", "{492BCE56-092D-47B6-8229-C55D7D997688}"
EndProject
Project("{FAE04EC0-301F-11D3-BF4B-00C04F79EFBC}") = "Test.ArrayData", "Test.ArrayData\Test.ArrayData.csproj", "{693A0CDE-7597-4731-9836-60CE3AD55924}"
EndProject
Global
	GlobalSection(SolutionConfigurationPlatforms) = preSolution
		Debug|Any CPU = Debug|Any CPU
		Release|Any CPU = Release|Any CPU
	EndGlobalSection
	GlobalSection(ProjectConfigurationPlatforms) = postSolution
		{492BCE56-092D-47B6-8229-C55D7D997688}.Debug|Any CPU.ActiveCfg = Debug|Any CPU
		{492BCE56-092D-47B6-8229-C55D7D997688}.Debug|Any CPU.Build.0 = Debug|Any CPU
		{492BCE56-092D-47B6-8229-C55D7D997688}.Release|Any CPU.ActiveCfg = Release|Any CPU
		{492BCE56-092D-47B6-8229-C55D7D997688}.Release|Any CPU.Build.0 = Release|Any CPU
		{693A0CDE-7597-4731-9836-60CE3AD55924}.Debug|Any CPU.ActiveCfg = Debug|Any CPU
		{693A0CDE-7597-4731-9836-60CE3AD55924}.Debug|Any CPU.Build.0 = Debug|Any CPU
		{693A0CDE-7597-4731-9836-60CE3AD55924}.Release|Any CPU.ActiveCfg = Release|Any CPU
		{693A0CDE-7597-4731-9836-60CE3AD55924}.Release|Any CPU.Build.0 = Release|Any CPU
	EndGlobalSection
	GlobalSection(SolutionProperties) = preSolution
		HideSolutionNode = FALSE
	EndGlobalSection
	GlobalSection(ExtensibilityGlobals) = postSolution
		SolutionGuid = {CF25A947-8A6F-4948-8696-577F0314D10C}
	EndGlobalSection
EndGlobal
